
Microsoft Visual Studio Solution File, Format Version 12.00
# Visual Studio Version 16
VisualStudioVersion = 16.0.30204.135
MinimumVisualStudioVersion = 10.0.40219.1
Project("{FAE04EC0-301F-11D3-BF4B-00C04F79EFBC}") = "TCPIPConnection", "TCPIPConnection.csproj", "{B1B7B325-89A7-4E3A-943A-E6AA307B2FC1}"
EndProject
Global
	GlobalSection(SolutionConfigurationPlatforms) = preSolution
		Debug|Any CPU = Debug|Any CPU
		Release|Any CPU = Release|Any CPU
	EndGlobalSection
	GlobalSection(ProjectConfigurationPlatforms) = postSolution
		{B1B7B325-89A7-4E3A-943A-E6AA307B2FC1}.Debug|Any CPU.ActiveCfg = Debug|Any CPU
		{B1B7B325-89A7-4E3A-943A-E6AA307B2FC1}.Debug|Any CPU.Build.0 = Debug|Any CPU
		{B1B7B325-89A7-4E3A-943A-E6AA307B2FC1}.Release|Any CPU.ActiveCfg = Release|Any CPU
		{B1B7B325-89A7-4E3A-943A-E6AA307B2FC1}.Release|Any CPU.Build.0 = Release|Any CPU
	EndGlobalSection
	GlobalSection(SolutionProperties) = preSolution
		HideSolutionNode = FALSE
	EndGlobalSection
	GlobalSection(ExtensibilityGlobals) = postSolution
		SolutionGuid = {32E9F05D-7B4D-4326-B6AC-1BA72E1A12F5}
	EndGlobalSection
EndGlobal
